// !$*UTF8*$!
{
	archiveVersion = 1;
	classes = {
	};
	objectVersion = 60;
	objects = {

/* Begin PBXBuildFile section */
		845A30892C1B269400834D65 /* Localizable.strings in Resources */ = {isa = PBXBuildFile; fileRef = 845A30872C1B269400834D65 /* Localizable.strings */; };
		845A308C2C1B26D000834D65 /* Localizable.strings in Resources */ = {isa = PBXBuildFile; fileRef = 845A308A2C1B26D000834D65 /* Localizable.strings */; };
		848F2B612C33CA1E0007A19D /* WinDragger in Frameworks */ = {isa = PBXBuildFile; productRef = 848F2B602C33CA1E0007A19D /* WinDragger */; };
		848F2B792C343BED0007A19D /* WinToEdge in Frameworks */ = {isa = PBXBuildFile; productRef = 848F2B782C343BED0007A19D /* WinToEdge */; };
		848F2B7B2C35357C0007A19D /* SettingsManager.swift in Sources */ = {isa = PBXBuildFile; fileRef = 848F2B7A2C35357C0007A19D /* SettingsManager.swift */; };
		84F83DF32C10A4D80094346C /* DeskNoteApp.swift in Sources */ = {isa = PBXBuildFile; fileRef = 84F83DF22C10A4D80094346C /* DeskNoteApp.swift */; };
		84F83DF52C10A4D80094346C /* NoteView.swift in Sources */ = {isa = PBXBuildFile; fileRef = 84F83DF42C10A4D80094346C /* NoteView.swift */; };
		84F83DF92C10A4DA0094346C /* Assets.xcassets in Resources */ = {isa = PBXBuildFile; fileRef = 84F83DF82C10A4DA0094346C /* Assets.xcassets */; };
		84F83DFC2C10A4DA0094346C /* Preview Assets.xcassets in Resources */ = {isa = PBXBuildFile; fileRef = 84F83DFB2C10A4DA0094346C /* Preview Assets.xcassets */; };
		84F83E052C10B22F0094346C /* Tray in Frameworks */ = {isa = PBXBuildFile; productRef = 84F83E042C10B22F0094346C /* Tray */; };
		84F83E0B2C12AA930094346C /* NoteWindowController.swift in Sources */ = {isa = PBXBuildFile; fileRef = 84F83E0A2C12AA930094346C /* NoteWindowController.swift */; };
		84F83E112C12FB0C0094346C /* NoteWindow.swift in Sources */ = {isa = PBXBuildFile; fileRef = 84F83E102C12FB0C0094346C /* NoteWindow.swift */; };
		84F83E1A2C159DDE0094346C /* CountdownTimer.swift in Sources */ = {isa = PBXBuildFile; fileRef = 84F83E192C159DDE0094346C /* CountdownTimer.swift */; };
		84F83E1C2C15B47B0094346C /* CircularProgressView.swift in Sources */ = {isa = PBXBuildFile; fileRef = 84F83E1B2C15B47B0094346C /* CircularProgressView.swift */; };
		84F83E1F2C15C3840094346C /* NoteVM.swift in Sources */ = {isa = PBXBuildFile; fileRef = 84F83E1E2C15C3840094346C /* NoteVM.swift */; };
		84F83E212C15DE120094346C /* NoteUICallback.swift in Sources */ = {isa = PBXBuildFile; fileRef = 84F83E202C15DE120094346C /* NoteUICallback.swift */; };
		84F83E232C15EA080094346C /* PaletteView.swift in Sources */ = {isa = PBXBuildFile; fileRef = 84F83E222C15EA080094346C /* PaletteView.swift */; };
		84F83E252C15EA310094346C /* ConfigView.swift in Sources */ = {isa = PBXBuildFile; fileRef = 84F83E242C15EA310094346C /* ConfigView.swift */; };
		84F83E272C17104C0094346C /* ColorPalette.swift in Sources */ = {isa = PBXBuildFile; fileRef = 84F83E262C17104C0094346C /* ColorPalette.swift */; };
		84F83E2A2C1887930094346C /* Note.swift in Sources */ = {isa = PBXBuildFile; fileRef = 84F83E292C1887930094346C /* Note.swift */; };
		84F83E2C2C18987C0094346C /* ColorUtils.swift in Sources */ = {isa = PBXBuildFile; fileRef = 84F83E2B2C18987C0094346C /* ColorUtils.swift */; };
		84F83E302C1986120094346C /* NoteManager.swift in Sources */ = {isa = PBXBuildFile; fileRef = 84F83E2F2C1986120094346C /* NoteManager.swift */; };
		84F83E352C199CE70094346C /* DeskNote.xcdatamodeld in Sources */ = {isa = PBXBuildFile; fileRef = 84F83E332C199CE70094346C /* DeskNote.xcdatamodeld */; };
/* End PBXBuildFile section */

/* Begin PBXFileReference section */
		845A30882C1B269400834D65 /* zh-Hans */ = {isa = PBXFileReference; lastKnownFileType = text.plist.strings; name = "zh-Hans"; path = Localizable.strings; sourceTree = "<group>"; };
		845A308B2C1B26D000834D65 /* en */ = {isa = PBXFileReference; lastKnownFileType = text.plist.strings; name = en; path = Localizable.strings; sourceTree = "<group>"; };
		845A308D2C1B2C1100834D65 /* Info.plist */ = {isa = PBXFileReference; lastKnownFileType = text.plist; path = Info.plist; sourceTree = "<group>"; };
		848F2B7A2C35357C0007A19D /* SettingsManager.swift */ = {isa = PBXFileReference; lastKnownFileType = sourcecode.swift; path = SettingsManager.swift; sourceTree = "<group>"; };
		84F83DEF2C10A4D80094346C /* DeskNote.app */ = {isa = PBXFileReference; explicitFileType = wrapper.application; includeInIndex = 0; path = DeskNote.app; sourceTree = BUILT_PRODUCTS_DIR; };
		84F83DF22C10A4D80094346C /* DeskNoteApp.swift */ = {isa = PBXFileReference; lastKnownFileType = sourcecode.swift; path = DeskNoteApp.swift; sourceTree = "<group>"; };
		84F83DF42C10A4D80094346C /* NoteView.swift */ = {isa = PBXFileReference; lastKnownFileType = sourcecode.swift; path = NoteView.swift; sourceTree = "<group>"; };
		84F83DF82C10A4DA0094346C /* Assets.xcassets */ = {isa = PBXFileReference; lastKnownFileType = folder.assetcatalog; path = Assets.xcassets; sourceTree = "<group>"; };
		84F83DFB2C10A4DA0094346C /* Preview Assets.xcassets */ = {isa = PBXFileReference; lastKnownFileType = folder.assetcatalog; path = "Preview Assets.xcassets"; sourceTree = "<group>"; };
		84F83DFD2C10A4DA0094346C /* DeskNote.entitlements */ = {isa = PBXFileReference; lastKnownFileType = text.plist.entitlements; path = DeskNote.entitlements; sourceTree = "<group>"; };
		84F83E0A2C12AA930094346C /* NoteWindowController.swift */ = {isa = PBXFileReference; lastKnownFileType = sourcecode.swift; path = NoteWindowController.swift; sourceTree = "<group>"; };
		84F83E102C12FB0C0094346C /* NoteWindow.swift */ = {isa = PBXFileReference; lastKnownFileType = sourcecode.swift; path = NoteWindow.swift; sourceTree = "<group>"; };
		84F83E192C159DDE0094346C /* CountdownTimer.swift */ = {isa = PBXFileReference; lastKnownFileType = sourcecode.swift; path = CountdownTimer.swift; sourceTree = "<group>"; };
		84F83E1B2C15B47B0094346C /* CircularProgressView.swift */ = {isa = PBXFileReference; lastKnownFileType = sourcecode.swift; path = CircularProgressView.swift; sourceTree = "<group>"; };
		84F83E1E2C15C3840094346C /* NoteVM.swift */ = {isa = PBXFileReference; lastKnownFileType = sourcecode.swift; path = NoteVM.swift; sourceTree = "<group>"; };
		84F83E202C15DE120094346C /* NoteUICallback.swift */ = {isa = PBXFileReference; lastKnownFileType = sourcecode.swift; path = NoteUICallback.swift; sourceTree = "<group>"; };
		84F83E222C15EA080094346C /* PaletteView.swift */ = {isa = PBXFileReference; lastKnownFileType = sourcecode.swift; path = PaletteView.swift; sourceTree = "<group>"; };
		84F83E242C15EA310094346C /* ConfigView.swift */ = {isa = PBXFileReference; lastKnownFileType = sourcecode.swift; path = ConfigView.swift; sourceTree = "<group>"; };
		84F83E262C17104C0094346C /* ColorPalette.swift */ = {isa = PBXFileReference; lastKnownFileType = sourcecode.swift; path = ColorPalette.swift; sourceTree = "<group>"; };
		84F83E292C1887930094346C /* Note.swift */ = {isa = PBXFileReference; lastKnownFileType = sourcecode.swift; path = Note.swift; sourceTree = "<group>"; };
		84F83E2B2C18987C0094346C /* ColorUtils.swift */ = {isa = PBXFileReference; lastKnownFileType = sourcecode.swift; path = ColorUtils.swift; sourceTree = "<group>"; };
		84F83E2F2C1986120094346C /* NoteManager.swift */ = {isa = PBXFileReference; lastKnownFileType = sourcecode.swift; path = NoteManager.swift; sourceTree = "<group>"; };
		84F83E342C199CE70094346C /* DeskNote.xcdatamodel */ = {isa = PBXFileReference; lastKnownFileType = wrapper.xcdatamodel; path = DeskNote.xcdatamodel; sourceTree = "<group>"; };
/* End PBXFileReference section */

/* Begin PBXFrameworksBuildPhase section */
		84F83DEC2C10A4D80094346C /* Frameworks */ = {
			isa = PBXFrameworksBuildPhase;
			buildActionMask = 2147483647;
			files = (
				848F2B792C343BED0007A19D /* WinToEdge in Frameworks */,
				848F2B612C33CA1E0007A19D /* WinDragger in Frameworks */,
				84F83E052C10B22F0094346C /* Tray in Frameworks */,
			);
			runOnlyForDeploymentPostprocessing = 0;
		};
/* End PBXFrameworksBuildPhase section */

/* Begin PBXGroup section */
		845A30852C1B259800834D65 /* en.lproj */ = {
			isa = PBXGroup;
			children = (
				845A308A2C1B26D000834D65 /* Localizable.strings */,
			);
			path = en.lproj;
			sourceTree = "<group>";
		};
		845A30862C1B25B200834D65 /* zh-Hans.lproj */ = {
			isa = PBXGroup;
			children = (
				845A30872C1B269400834D65 /* Localizable.strings */,
			);
			path = "zh-Hans.lproj";
			sourceTree = "<group>";
		};
		84F83DE62C10A4D80094346C = {
			isa = PBXGroup;
			children = (
				845A30862C1B25B200834D65 /* zh-Hans.lproj */,
				845A30852C1B259800834D65 /* en.lproj */,
				84F83DF12C10A4D80094346C /* DeskNote */,
				84F83DF02C10A4D80094346C /* Products */,
			);
			sourceTree = "<group>";
		};
		84F83DF02C10A4D80094346C /* Products */ = {
			isa = PBXGroup;
			children = (
				84F83DEF2C10A4D80094346C /* DeskNote.app */,
			);
			name = Products;
			sourceTree = "<group>";
		};
		84F83DF12C10A4D80094346C /* DeskNote */ = {
			isa = PBXGroup;
			children = (
				845A308D2C1B2C1100834D65 /* Info.plist */,
				84F83E1D2C15B4820094346C /* Widgets */,
				84F83E182C159DCD0094346C /* Utils */,
				84F83E122C149EE10094346C /* Note */,
				84F83DF22C10A4D80094346C /* DeskNoteApp.swift */,
				84F83DF82C10A4DA0094346C /* Assets.xcassets */,
				84F83DFD2C10A4DA0094346C /* DeskNote.entitlements */,
				84F83DFA2C10A4DA0094346C /* Preview Content */,
				84F83E332C199CE70094346C /* DeskNote.xcdatamodeld */,
				848F2B7A2C35357C0007A19D /* SettingsManager.swift */,
			);
			path = DeskNote;
			sourceTree = "<group>";
		};
		84F83DFA2C10A4DA0094346C /* Preview Content */ = {
			isa = PBXGroup;
			children = (
				84F83DFB2C10A4DA0094346C /* Preview Assets.xcassets */,
			);
			path = "Preview Content";
			sourceTree = "<group>";
		};
		84F83E122C149EE10094346C /* Note */ = {
			isa = PBXGroup;
			children = (
				84F83E292C1887930094346C /* Note.swift */,
				84F83E0A2C12AA930094346C /* NoteWindowController.swift */,
				84F83E102C12FB0C0094346C /* NoteWindow.swift */,
				84F83DF42C10A4D80094346C /* NoteView.swift */,
				84F83E1E2C15C3840094346C /* NoteVM.swift */,
				84F83E202C15DE120094346C /* NoteUICallback.swift */,
				84F83E2F2C1986120094346C /* NoteManager.swift */,
			);
			path = Note;
			sourceTree = "<group>";
		};
		84F83E182C159DCD0094346C /* Utils */ = {
			isa = PBXGroup;
			children = (
				84F83E192C159DDE0094346C /* CountdownTimer.swift */,
				84F83E262C17104C0094346C /* ColorPalette.swift */,
				84F83E2B2C18987C0094346C /* ColorUtils.swift */,
			);
			path = Utils;
			sourceTree = "<group>";
		};
		84F83E1D2C15B4820094346C /* Widgets */ = {
			isa = PBXGroup;
			children = (
				84F83E1B2C15B47B0094346C /* CircularProgressView.swift */,
				84F83E222C15EA080094346C /* PaletteView.swift */,
				84F83E242C15EA310094346C /* ConfigView.swift */,
			);
			path = Widgets;
			sourceTree = "<group>";
		};
/* End PBXGroup section */

/* Begin PBXNativeTarget section */
		84F83DEE2C10A4D80094346C /* DeskNote */ = {
			isa = PBXNativeTarget;
			buildConfigurationList = 84F83E002C10A4DA0094346C /* Build configuration list for PBXNativeTarget "DeskNote" */;
			buildPhases = (
				84F83DEB2C10A4D80094346C /* Sources */,
				84F83DEC2C10A4D80094346C /* Frameworks */,
				84F83DED2C10A4D80094346C /* Resources */,
			);
			buildRules = (
			);
			dependencies = (
			);
			name = DeskNote;
			packageProductDependencies = (
				84F83E042C10B22F0094346C /* Tray */,
				848F2B602C33CA1E0007A19D /* WinDragger */,
				848F2B782C343BED0007A19D /* WinToEdge */,
			);
			productName = DeskNote;
			productReference = 84F83DEF2C10A4D80094346C /* DeskNote.app */;
			productType = "com.apple.product-type.application";
		};
/* End PBXNativeTarget section */

/* Begin PBXProject section */
		84F83DE72C10A4D80094346C /* Project object */ = {
			isa = PBXProject;
			attributes = {
				BuildIndependentTargetsInParallel = 1;
				LastSwiftUpdateCheck = 1540;
				LastUpgradeCheck = 1540;
				TargetAttributes = {
					84F83DEE2C10A4D80094346C = {
						CreatedOnToolsVersion = 15.4;
					};
				};
			};
			buildConfigurationList = 84F83DEA2C10A4D80094346C /* Build configuration list for PBXProject "DeskNote" */;
			compatibilityVersion = "Xcode 14.0";
			developmentRegion = en;
			hasScannedForEncodings = 0;
			knownRegions = (
				en,
				Base,
				"zh-Hans",
			);
			mainGroup = 84F83DE62C10A4D80094346C;
			packageReferences = (
				84F83E032C10B22F0094346C /* XCLocalSwiftPackageReference "../../Github/Tray" */,
				848F2B5F2C33CA1E0007A19D /* XCLocalSwiftPackageReference "../WinDragger" */,
				848F2B772C343BED0007A19D /* XCLocalSwiftPackageReference "../WinToEdge" */,
			);
			productRefGroup = 84F83DF02C10A4D80094346C /* Products */;
			projectDirPath = "";
			projectRoot = "";
			targets = (
				84F83DEE2C10A4D80094346C /* DeskNote */,
			);
		};
/* End PBXProject section */

/* Begin PBXResourcesBuildPhase section */
		84F83DED2C10A4D80094346C /* Resources */ = {
			isa = PBXResourcesBuildPhase;
			buildActionMask = 2147483647;
			files = (
				845A30892C1B269400834D65 /* Localizable.strings in Resources */,
				845A308C2C1B26D000834D65 /* Localizable.strings in Resources */,
				84F83DFC2C10A4DA0094346C /* Preview Assets.xcassets in Resources */,
				84F83DF92C10A4DA0094346C /* Assets.xcassets in Resources */,
			);
			runOnlyForDeploymentPostprocessing = 0;
		};
/* End PBXResourcesBuildPhase section */

/* Begin PBXSourcesBuildPhase section */
		84F83DEB2C10A4D80094346C /* Sources */ = {
			isa = PBXSourcesBuildPhase;
			buildActionMask = 2147483647;
			files = (
				84F83E302C1986120094346C /* NoteManager.swift in Sources */,
				84F83E1F2C15C3840094346C /* NoteVM.swift in Sources */,
				84F83E2C2C18987C0094346C /* ColorUtils.swift in Sources */,
				84F83E112C12FB0C0094346C /* NoteWindow.swift in Sources */,
				84F83E1A2C159DDE0094346C /* CountdownTimer.swift in Sources */,
				84F83DF52C10A4D80094346C /* NoteView.swift in Sources */,
				84F83E252C15EA310094346C /* ConfigView.swift in Sources */,
				84F83E2A2C1887930094346C /* Note.swift in Sources */,
				84F83DF32C10A4D80094346C /* DeskNoteApp.swift in Sources */,
				84F83E352C199CE70094346C /* DeskNote.xcdatamodeld in Sources */,
				84F83E272C17104C0094346C /* ColorPalette.swift in Sources */,
				84F83E212C15DE120094346C /* NoteUICallback.swift in Sources */,
				848F2B7B2C35357C0007A19D /* SettingsManager.swift in Sources */,
				84F83E0B2C12AA930094346C /* NoteWindowController.swift in Sources */,
				84F83E232C15EA080094346C /* PaletteView.swift in Sources */,
				84F83E1C2C15B47B0094346C /* CircularProgressView.swift in Sources */,
			);
			runOnlyForDeploymentPostprocessing = 0;
		};
/* End PBXSourcesBuildPhase section */

/* Begin PBXVariantGroup section */
		845A30872C1B269400834D65 /* Localizable.strings */ = {
			isa = PBXVariantGroup;
			children = (
				845A30882C1B269400834D65 /* zh-Hans */,
			);
			name = Localizable.strings;
			sourceTree = "<group>";
		};
		845A308A2C1B26D000834D65 /* Localizable.strings */ = {
			isa = PBXVariantGroup;
			children = (
				845A308B2C1B26D000834D65 /* en */,
			);
			name = Localizable.strings;
			sourceTree = "<group>";
		};
/* End PBXVariantGroup section */

/* Begin XCBuildConfiguration section */
		84F83DFE2C10A4DA0094346C /* Debug */ = {
			isa = XCBuildConfiguration;
			buildSettings = {
				ALWAYS_SEARCH_USER_PATHS = NO;
				ASSETCATALOG_COMPILER_GENERATE_SWIFT_ASSET_SYMBOL_EXTENSIONS = YES;
				CLANG_ANALYZER_NONNULL = YES;
				CLANG_ANALYZER_NUMBER_OBJECT_CONVERSION = YES_AGGRESSIVE;
				CLANG_CXX_LANGUAGE_STANDARD = "gnu++20";
				CLANG_ENABLE_MODULES = YES;
				CLANG_ENABLE_OBJC_ARC = YES;
				CLANG_ENABLE_OBJC_WEAK = YES;
				CLANG_WARN_BLOCK_CAPTURE_AUTORELEASING = YES;
				CLANG_WARN_BOOL_CONVERSION = YES;
				CLANG_WARN_COMMA = YES;
				CLANG_WARN_CONSTANT_CONVERSION = YES;
				CLANG_WARN_DEPRECATED_OBJC_IMPLEMENTATIONS = YES;
				CLANG_WARN_DIRECT_OBJC_ISA_USAGE = YES_ERROR;
				CLANG_WARN_DOCUMENTATION_COMMENTS = YES;
				CLANG_WARN_EMPTY_BODY = YES;
				CLANG_WARN_ENUM_CONVERSION = YES;
				CLANG_WARN_INFINITE_RECURSION = YES;
				CLANG_WARN_INT_CONVERSION = YES;
				CLANG_WARN_NON_LITERAL_NULL_CONVERSION = YES;
				CLANG_WARN_OBJC_IMPLICIT_RETAIN_SELF = YES;
				CLANG_WARN_OBJC_LITERAL_CONVERSION = YES;
				CLANG_WARN_OBJC_ROOT_CLASS = YES_ERROR;
				CLANG_WARN_QUOTED_INCLUDE_IN_FRAMEWORK_HEADER = YES;
				CLANG_WARN_RANGE_LOOP_ANALYSIS = YES;
				CLANG_WARN_STRICT_PROTOTYPES = YES;
				CLANG_WARN_SUSPICIOUS_MOVE = YES;
				CLANG_WARN_UNGUARDED_AVAILABILITY = YES_AGGRESSIVE;
				CLANG_WARN_UNREACHABLE_CODE = YES;
				CLANG_WARN__DUPLICATE_METHOD_MATCH = YES;
				COPY_PHASE_STRIP = NO;
				DEBUG_INFORMATION_FORMAT = dwarf;
				ENABLE_STRICT_OBJC_MSGSEND = YES;
				ENABLE_TESTABILITY = YES;
				ENABLE_USER_SCRIPT_SANDBOXING = YES;
				GCC_C_LANGUAGE_STANDARD = gnu17;
				GCC_DYNAMIC_NO_PIC = NO;
				GCC_NO_COMMON_BLOCKS = YES;
				GCC_OPTIMIZATION_LEVEL = 0;
				GCC_PREPROCESSOR_DEFINITIONS = (
					"DEBUG=1",
					"$(inherited)",
				);
				GCC_WARN_64_TO_32_BIT_CONVERSION = YES;
				GCC_WARN_ABOUT_RETURN_TYPE = YES_ERROR;
				GCC_WARN_UNDECLARED_SELECTOR = YES;
				GCC_WARN_UNINITIALIZED_AUTOS = YES_AGGRESSIVE;
				GCC_WARN_UNUSED_FUNCTION = YES;
				GCC_WARN_UNUSED_VARIABLE = YES;
				LOCALIZATION_PREFERS_STRING_CATALOGS = YES;
				MACOSX_DEPLOYMENT_TARGET = 14.5;
				MTL_ENABLE_DEBUG_INFO = INCLUDE_SOURCE;
				MTL_FAST_MATH = YES;
				ONLY_ACTIVE_ARCH = YES;
				SDKROOT = macosx;
				SWIFT_ACTIVE_COMPILATION_CONDITIONS = "DEBUG $(inherited)";
				SWIFT_OPTIMIZATION_LEVEL = "-Onone";
			};
			name = Debug;
		};
		84F83DFF2C10A4DA0094346C /* Release */ = {
			isa = XCBuildConfiguration;
			buildSettings = {
				ALWAYS_SEARCH_USER_PATHS = NO;
				ASSETCATALOG_COMPILER_GENERATE_SWIFT_ASSET_SYMBOL_EXTENSIONS = YES;
				CLANG_ANALYZER_NONNULL = YES;
				CLANG_ANALYZER_NUMBER_OBJECT_CONVERSION = YES_AGGRESSIVE;
				CLANG_CXX_LANGUAGE_STANDARD = "gnu++20";
				CLANG_ENABLE_MODULES = YES;
				CLANG_ENABLE_OBJC_ARC = YES;
				CLANG_ENABLE_OBJC_WEAK = YES;
				CLANG_WARN_BLOCK_CAPTURE_AUTORELEASING = YES;
				CLANG_WARN_BOOL_CONVERSION = YES;
				CLANG_WARN_COMMA = YES;
				CLANG_WARN_CONSTANT_CONVERSION = YES;
				CLANG_WARN_DEPRECATED_OBJC_IMPLEMENTATIONS = YES;
				CLANG_WARN_DIRECT_OBJC_ISA_USAGE = YES_ERROR;
				CLANG_WARN_DOCUMENTATION_COMMENTS = YES;
				CLANG_WARN_EMPTY_BODY = YES;
				CLANG_WARN_ENUM_CONVERSION = YES;
				CLANG_WARN_INFINITE_RECURSION = YES;
				CLANG_WARN_INT_CONVERSION = YES;
				CLANG_WARN_NON_LITERAL_NULL_CONVERSION = YES;
				CLANG_WARN_OBJC_IMPLICIT_RETAIN_SELF = YES;
				CLANG_WARN_OBJC_LITERAL_CONVERSION = YES;
				CLANG_WARN_OBJC_ROOT_CLASS = YES_ERROR;
				CLANG_WARN_QUOTED_INCLUDE_IN_FRAMEWORK_HEADER = YES;
				CLANG_WARN_RANGE_LOOP_ANALYSIS = YES;
				CLANG_WARN_STRICT_PROTOTYPES = YES;
				CLANG_WARN_SUSPICIOUS_MOVE = YES;
				CLANG_WARN_UNGUARDED_AVAILABILITY = YES_AGGRESSIVE;
				CLANG_WARN_UNREACHABLE_CODE = YES;
				CLANG_WARN__DUPLICATE_METHOD_MATCH = YES;
				COPY_PHASE_STRIP = NO;
				DEBUG_INFORMATION_FORMAT = "dwarf-with-dsym";
				ENABLE_NS_ASSERTIONS = NO;
				ENABLE_STRICT_OBJC_MSGSEND = YES;
				ENABLE_USER_SCRIPT_SANDBOXING = YES;
				GCC_C_LANGUAGE_STANDARD = gnu17;
				GCC_NO_COMMON_BLOCKS = YES;
				GCC_WARN_64_TO_32_BIT_CONVERSION = YES;
				GCC_WARN_ABOUT_RETURN_TYPE = YES_ERROR;
				GCC_WARN_UNDECLARED_SELECTOR = YES;
				GCC_WARN_UNINITIALIZED_AUTOS = YES_AGGRESSIVE;
				GCC_WARN_UNUSED_FUNCTION = YES;
				GCC_WARN_UNUSED_VARIABLE = YES;
				LOCALIZATION_PREFERS_STRING_CATALOGS = YES;
				MACOSX_DEPLOYMENT_TARGET = 14.5;
				MTL_ENABLE_DEBUG_INFO = NO;
				MTL_FAST_MATH = YES;
				SDKROOT = macosx;
				SWIFT_COMPILATION_MODE = wholemodule;
			};
			name = Release;
		};
		84F83E012C10A4DA0094346C /* Debug */ = {
			isa = XCBuildConfiguration;
			buildSettings = {
				ASSETCATALOG_COMPILER_APPICON_NAME = AppIcon;
				ASSETCATALOG_COMPILER_GLOBAL_ACCENT_COLOR_NAME = AccentColor;
				CODE_SIGN_ENTITLEMENTS = DeskNote/DeskNote.entitlements;
				CODE_SIGN_STYLE = Automatic;
				COMBINE_HIDPI_IMAGES = YES;
				CURRENT_PROJECT_VERSION = 1100;
				DEVELOPMENT_ASSET_PATHS = "\"DeskNote/Preview Content\"";
				ENABLE_PREVIEWS = YES;
				GENERATE_INFOPLIST_FILE = YES;
				INFOPLIST_FILE = DeskNote/Info.plist;
				INFOPLIST_KEY_LSApplicationCategoryType = "public.app-category.utilities";
				INFOPLIST_KEY_LSUIElement = YES;
				INFOPLIST_KEY_NSHumanReadableCopyright = "";
				LD_RUNPATH_SEARCH_PATHS = (
					"$(inherited)",
					"@executable_path/../Frameworks",
				);
				MACOSX_DEPLOYMENT_TARGET = 14.0;
				MARKETING_VERSION = 1.2.00;
				PRODUCT_BUNDLE_IDENTIFIER = com.github.boybeak.DeskNote;
				PRODUCT_NAME = "$(TARGET_NAME)";
				SWIFT_EMIT_LOC_STRINGS = YES;
				SWIFT_VERSION = 5.0;
			};
			name = Debug;
		};
		84F83E022C10A4DA0094346C /* Release */ = {
			isa = XCBuildConfiguration;
			buildSettings = {
				ASSETCATALOG_COMPILER_APPICON_NAME = AppIcon;
				ASSETCATALOG_COMPILER_GLOBAL_ACCENT_COLOR_NAME = AccentColor;
				CODE_SIGN_ENTITLEMENTS = DeskNote/DeskNote.entitlements;
				CODE_SIGN_STYLE = Automatic;
				COMBINE_HIDPI_IMAGES = YES;
				CURRENT_PROJECT_VERSION = 1100;
				DEVELOPMENT_ASSET_PATHS = "\"DeskNote/Preview Content\"";
				ENABLE_PREVIEWS = YES;
				GENERATE_INFOPLIST_FILE = YES;
				INFOPLIST_FILE = DeskNote/Info.plist;
				INFOPLIST_KEY_LSApplicationCategoryType = "public.app-category.utilities";
				INFOPLIST_KEY_LSUIElement = YES;
				INFOPLIST_KEY_NSHumanReadableCopyright = "";
				LD_RUNPATH_SEARCH_PATHS = (
					"$(inherited)",
					"@executable_path/../Frameworks",
				);
				MACOSX_DEPLOYMENT_TARGET = 14.0;
				MARKETING_VERSION = 1.2.00;
				PRODUCT_BUNDLE_IDENTIFIER = com.github.boybeak.DeskNote;
				PRODUCT_NAME = "$(TARGET_NAME)";
				SWIFT_EMIT_LOC_STRINGS = YES;
				SWIFT_VERSION = 5.0;
			};
			name = Release;
		};
/* End XCBuildConfiguration section */

/* Begin XCConfigurationList section */
		84F83DEA2C10A4D80094346C /* Build configuration list for PBXProject "DeskNote" */ = {
			isa = XCConfigurationList;
			buildConfigurations = (
				84F83DFE2C10A4DA0094346C /* Debug */,
				84F83DFF2C10A4DA0094346C /* Release */,
			);
			defaultConfigurationIsVisible = 0;
			defaultConfigurationName = Release;
		};
		84F83E002C10A4DA0094346C /* Build configuration list for PBXNativeTarget "DeskNote" */ = {
			isa = XCConfigurationList;
			buildConfigurations = (
				84F83E012C10A4DA0094346C /* Debug */,
				84F83E022C10A4DA0094346C /* Release */,
			);
			defaultConfigurationIsVisible = 0;
			defaultConfigurationName = Release;
		};
/* End XCConfigurationList section */

/* Begin XCLocalSwiftPackageReference section */
		848F2B5F2C33CA1E0007A19D /* XCLocalSwiftPackageReference "../WinDragger" */ = {
			isa = XCLocalSwiftPackageReference;
			relativePath = ../WinDragger;
		};
		848F2B772C343BED0007A19D /* XCLocalSwiftPackageReference "../WinToEdge" */ = {
			isa = XCLocalSwiftPackageReference;
			relativePath = ../WinToEdge;
		};
		84F83E032C10B22F0094346C /* XCLocalSwiftPackageReference "../../Github/Tray" */ = {
			isa = XCLocalSwiftPackageReference;
			relativePath = ../../Github/Tray;
		};
/* End XCLocalSwiftPackageReference section */

/* Begin XCSwiftPackageProductDependency section */
		848F2B602C33CA1E0007A19D /* WinDragger */ = {
			isa = XCSwiftPackageProductDependency;
			productName = WinDragger;
		};
		848F2B782C343BED0007A19D /* WinToEdge */ = {
			isa = XCSwiftPackageProductDependency;
			productName = WinToEdge;
		};
		84F83E042C10B22F0094346C /* Tray */ = {
			isa = XCSwiftPackageProductDependency;
			productName = Tray;
		};
/* End XCSwiftPackageProductDependency section */

/* Begin XCVersionGroup section */
		84F83E332C199CE70094346C /* DeskNote.xcdatamodeld */ = {
			isa = XCVersionGroup;
			children = (
				84F83E342C199CE70094346C /* DeskNote.xcdatamodel */,
			);
			currentVersion = 84F83E342C199CE70094346C /* DeskNote.xcdatamodel */;
			name = DeskNote.xcdatamodeld;
			path = /Users/beak/Github/DeskNote/DeskNote/DeskNote.xcdatamodeld;
			sourceTree = "<group>";
			versionGroupType = wrapper.xcdatamodel;
		};
/* End XCVersionGroup section */
	};
	rootObject = 84F83DE72C10A4D80094346C /* Project object */;
}
