{
  "originHash" : "df31889941f022babd7e42db6e4aa3f0832ef9d3688dded1828079be4373cf5e",
  "pins" : [
    {
      "identity" : "launchatlogin-modern",
      "kind" : "remoteSourceControl",
      "location" : "https://github.com/sindresorhus/LaunchAtLogin-Modern",
      "state" : {
        "branch" : "main",
        "revision" : "a04ec1c363be3627734f6dad757d82f5d4fa8fcc"
      }
    },
    {
      "identity" : "nolaunchwin",
      "kind" : "remoteSourceControl",
      "location" : "https://github.com/boybeak/NoLaunchWin.git",
      "state" : {
        "revision" : "8114836b96375ffe24740bd9c503ca1b0a57324d",
        "version" : "0.0.1"
      }
    }
  ],
  "version" : 3
}
