{
  "originHash" : "5adb9c6026b21b2b556a659809614368c2cf089d1d7e90e34e37b071db74d397",
  "pins" : [
    {
      "identity" : "githubreleasechecker",
      "kind" : "remoteSourceControl",
      "location" : "https://github.com/boybeak/GithubReleaseChecker.git",
      "state" : {
        "revision" : "bf654544f74588f7e80bfda198b5400b746d54c9",
        "version" : "0.0.2"
      }
    },
    {
      "identity" : "launchatlogin-modern",
      "kind" : "remoteSourceControl",
      "location" : "https://github.com/sindresorhus/LaunchAtLogin-Modern",
      "state" : {
        "branch" : "main",
        "revision" : "a04ec1c363be3627734f6dad757d82f5d4fa8fcc"
      }
    },
    {
      "identity" : "nolaunchwin",
      "kind" : "remoteSourceControl",
      "location" : "https://github.com/boybeak/NoLaunchWin.git",
      "state" : {
        "revision" : "8114836b96375ffe24740bd9c503ca1b0a57324d",
        "version" : "0.0.1"
      }
    },
    {
      "identity" : "swiftuiwindow",
      "kind" : "remoteSourceControl",
      "location" : "https://github.com/boybeak/SwiftUIWindow.git",
      "state" : {
        "revision" : "e7d0d194a06b3de48bafda630864c80d8fe6df08",
        "version" : "0.0.1"
      }
    }
  ],
  "version" : 3
}
